{
  "version": "4",
  "specifiers": {
    "jsr:@core/unknownutil@4": "4.3.0",
    "jsr:@core/unknownutil@4.3": "4.3.0",
    "jsr:@core/unknownutil@^3.17.2": "3.18.1",
    "jsr:@core/unknownutil@^3.18.0": "3.18.1",
    "jsr:@core/unknownutil@^4.3.0": "4.3.0",
    "jsr:@denops/core@7": "7.0.1",
    "jsr:@denops/std@7": "7.3.0",
    "jsr:@denops/std@7.1": "7.1.1",
    "jsr:@denops/std@7.3": "7.3.0",
    "jsr:@denops/test@~3.0.1": "3.0.4",
    "jsr:@kyoh86/denops-util@0.1": "0.1.0",
    "jsr:@lambdalisue/errorutil@1": "1.1.1",
    "jsr:@lambdalisue/indexer@1": "1.0.0",
    "jsr:@lambdalisue/messagepack-rpc@^2.1.1": "2.4.0",
    "jsr:@lambdalisue/messagepack@^1.0.1": "1.0.1",
    "jsr:@lambdalisue/reservator@^1.0.1": "1.0.1",
    "jsr:@lambdalisue/streamtools@1": "1.0.1",
    "jsr:@lambdalisue/systemopen@1.0": "1.0.0",
    "jsr:@shougo/ddc-vim@7.1": "7.1.0",
    "jsr:@shougo/ddu-vim@6.4": "6.4.0",
    "jsr:@std/assert@~1.0.1": "1.0.7",
    "jsr:@std/async@1": "1.0.8",
    "jsr:@std/bytes@0.221": "0.221.0",
    "jsr:@std/bytes@^1.0.3": "1.0.3",
    "jsr:@std/collections@^1.0.5": "1.0.9",
    "jsr:@std/fs@1": "1.0.5",
    "jsr:@std/fs@~1.0.1": "1.0.5",
    "jsr:@std/internal@^1.0.5": "1.0.5",
    "jsr:@std/path@1.0": "1.0.8",
    "jsr:@std/path@^1.0.1": "1.0.8",
    "jsr:@std/path@^1.0.2": "1.0.8",
    "jsr:@std/path@^1.0.7": "1.0.8",
    "jsr:@std/semver@1": "1.0.3",
    "jsr:@std/streams@1": "1.0.8",
    "jsr:@std/streams@1.0": "1.0.8",
    "jsr:@std/toml@1.0": "1.0.1",
    "jsr:@std/ulid@1": "1.0.0",
    "npm:msgpackr@^1.10.1": "1.11.0"
  },
  "jsr": {
    "@core/unknownutil@3.18.1": {
      "integrity": "6aaa108b623ff971d062dd345da7ca03b97f61ae3d29c8677bff14fec11f0d76"
    },
    "@core/unknownutil@4.3.0": {
      "integrity": "538a3687ffa81028e91d148818047df219663d0da671d906cecd165581ae55cc"
    },
    "@denops/core@7.0.1": {
      "integrity": "ede39eec60de6d5bf0fbc0337d3e420a9689cc48afea8c71752e6c0fb630bde0"
    },
    "@denops/std@7.1.1": {
      "integrity": "9178027fc9192034842ac4d8d7219ce65ea80cb115b722e681e5c3630b503cb8",
      "dependencies": [
        "jsr:@denops/core"
      ]
    },
    "@denops/std@7.3.0": {
      "integrity": "338904dbfac2c1707fccbd0e432931ecd7037aef00e976baa9fde57ab92a86e7",
      "dependencies": [
        "jsr:@core/unknownutil@^4.3.0",
        "jsr:@denops/core",
        "jsr:@std/fs@1",
        "jsr:@std/path@^1.0.2",
        "jsr:@std/semver",
        "jsr:@std/ulid"
      ]
    },
    "@denops/test@3.0.4": {
      "integrity": "6d345744749d3b4ab4858b6bd861b1bcb34cb8f00bd82e3d64a725c369223ff4",
      "dependencies": [
        "jsr:@core/unknownutil@4",
        "jsr:@denops/core",
        "jsr:@lambdalisue/errorutil",
        "jsr:@lambdalisue/messagepack-rpc",
        "jsr:@std/async",
        "jsr:@std/collections",
        "jsr:@std/path@^1.0.1",
        "jsr:@std/streams@1"
      ]
    },
    "@kyoh86/denops-util@0.1.0": {
      "integrity": "7b7da6b761d3e9a434fe52ae530a75a9b10cea3761a17eeb8c8861a1ca10c9dd",
      "dependencies": [
        "jsr:@denops/std@7",
        "jsr:@std/streams@1"
      ]
    },
    "@lambdalisue/errorutil@1.1.1": {
      "integrity": "d0234a8a510da52f130c44698643b7f420f332ef2ffce1451415925b14f5f63f",
      "dependencies": [
        "jsr:@core/unknownutil@^3.18.0"
      ]
    },
    "@lambdalisue/indexer@1.0.0": {
      "integrity": "f1dbbca13a0cb3b8d87533f3ac807ba2881107e28a7eb7eb85ac1b1c5d6a5c42"
    },
    "@lambdalisue/messagepack@1.0.1": {
      "integrity": "e35888d9ac295826f24234f10f7ef660c890b506eb09fac1f7509798e94c525a",
      "dependencies": [
        "jsr:@std/bytes@0.221",
        "npm:msgpackr"
      ]
    },
    "@lambdalisue/messagepack-rpc@2.4.0": {
      "integrity": "51b9aabe1ce88c3309e12fa834f2a8340ffcd0611f53ea012d28c8f9328ea7d2",
      "dependencies": [
        "jsr:@core/unknownutil@^3.17.2",
        "jsr:@lambdalisue/indexer",
        "jsr:@lambdalisue/messagepack",
        "jsr:@lambdalisue/reservator",
        "jsr:@lambdalisue/streamtools"
      ]
    },
    "@lambdalisue/reservator@1.0.1": {
      "integrity": "daf9189747c5cb2ad49e42ad3c65ec367684e1765ebb856a0ad6d754b3e650c4"
    },
    "@lambdalisue/streamtools@1.0.1": {
      "integrity": "8bc2fdeefa7131911b19b53dc5eb9c10c68ed4bf9e9de8bd5ed0c27f83953516",
      "dependencies": [
        "jsr:@std/bytes@0.221"
      ]
    },
    "@lambdalisue/systemopen@1.0.0": {
      "integrity": "7d9f8a903476fd936a8f7a4f0c1a9d2e974f759129cca581d0ea9a57caf3a40b"
    },
    "@shougo/ddc-vim@7.1.0": {
      "integrity": "3ce20b145cdd87f3250c2c11da81a511519e3e1f31624d0d41f4af3f0cbae6d0",
      "dependencies": [
        "jsr:@denops/std@7.1"
      ]
    },
    "@shougo/ddu-vim@6.4.0": {
      "integrity": "017a23b29a81fc3816c02a00bee4a420ee1c58073440a857b09c05750d5493e2",
      "dependencies": [
        "jsr:@denops/std@7.3"
      ]
    },
    "@std/assert@1.0.7": {
      "integrity": "64ce9fac879e0b9f3042a89b3c3f8ccfc9c984391af19e2087513a79d73e28c3",
      "dependencies": [
        "jsr:@std/internal"
      ]
    },
    "@std/async@1.0.8": {
      "integrity": "c057c5211a0f1d12e7dcd111ab430091301b8d64b4250052a79d277383bc3ba7"
    },
    "@std/bytes@0.221.0": {
      "integrity": "64a047011cf833890a4a2ab7293ac55a1b4f5a050624ebc6a0159c357de91966"
    },
    "@std/bytes@1.0.3": {
      "integrity": "e5d5b9e685966314e4edb4be60dfc4bd7624a075bfd4ec8109252b4320f76452"
    },
    "@std/collections@1.0.9": {
      "integrity": "4f58104ead08a04a2199374247f07befe50ba01d9cca8cbb23ab9a0419921e71"
    },
    "@std/fs@1.0.5": {
      "integrity": "41806ad6823d0b5f275f9849a2640d87e4ef67c51ee1b8fb02426f55e02fd44e",
      "dependencies": [
        "jsr:@std/path@^1.0.7"
      ]
    },
    "@std/internal@1.0.5": {
      "integrity": "54a546004f769c1ac9e025abd15a76b6671ddc9687e2313b67376125650dc7ba"
    },
    "@std/path@1.0.8": {
      "integrity": "548fa456bb6a04d3c1a1e7477986b6cffbce95102d0bb447c67c4ee70e0364be"
    },
    "@std/semver@1.0.3": {
      "integrity": "7c139c6076a080eeaa4252c78b95ca5302818d7eafab0470d34cafd9930c13c8"
    },
    "@std/streams@1.0.8": {
      "integrity": "b41332d93d2cf6a82fe4ac2153b930adf1a859392931e2a19d9fabfb6f154fb3",
      "dependencies": [
        "jsr:@std/bytes@^1.0.3"
      ]
    },
    "@std/toml@1.0.1": {
      "integrity": "b55b407159930f338d384b1f8fd317c8e8a35e27ebb8946155f49e3a158d16c4",
      "dependencies": [
        "jsr:@std/collections"
      ]
    },
    "@std/ulid@1.0.0": {
      "integrity": "d41c3d27a907714413649fee864b7cde8d42ee68437d22b79d5de4f81d808780"
    }
  },
  "npm": {
    "@msgpackr-extract/msgpackr-extract-darwin-arm64@3.0.3": {
      "integrity": "sha512-QZHtlVgbAdy2zAqNA9Gu1UpIuI8Xvsd1v8ic6B2pZmeFnFcMWiPLfWXh7TVw4eGEZ/C9TH281KwhVoeQUKbyjw=="
    },
    "@msgpackr-extract/msgpackr-extract-darwin-x64@3.0.3": {
      "integrity": "sha512-mdzd3AVzYKuUmiWOQ8GNhl64/IoFGol569zNRdkLReh6LRLHOXxU4U8eq0JwaD8iFHdVGqSy4IjFL4reoWCDFw=="
    },
    "@msgpackr-extract/msgpackr-extract-linux-arm64@3.0.3": {
      "integrity": "sha512-YxQL+ax0XqBJDZiKimS2XQaf+2wDGVa1enVRGzEvLLVFeqa5kx2bWbtcSXgsxjQB7nRqqIGFIcLteF/sHeVtQg=="
    },
    "@msgpackr-extract/msgpackr-extract-linux-arm@3.0.3": {
      "integrity": "sha512-fg0uy/dG/nZEXfYilKoRe7yALaNmHoYeIoJuJ7KJ+YyU2bvY8vPv27f7UKhGRpY6euFYqEVhxCFZgAUNQBM3nw=="
    },
    "@msgpackr-extract/msgpackr-extract-linux-x64@3.0.3": {
      "integrity": "sha512-cvwNfbP07pKUfq1uH+S6KJ7dT9K8WOE4ZiAcsrSes+UY55E/0jLYc+vq+DO7jlmqRb5zAggExKm0H7O/CBaesg=="
    },
    "@msgpackr-extract/msgpackr-extract-win32-x64@3.0.3": {
      "integrity": "sha512-x0fWaQtYp4E6sktbsdAqnehxDgEc/VwM7uLsRCYWaiGu0ykYdZPiS8zCWdnjHwyiumousxfBm4SO31eXqwEZhQ=="
    },
    "detect-libc@2.0.3": {
      "integrity": "sha512-bwy0MGW55bG41VqxxypOsdSdGqLwXPI/focwgTYCFMbdUiBAxLg9CFzG08sz2aqzknwiX7Hkl0bQENjg8iLByw=="
    },
    "msgpackr-extract@3.0.3": {
      "integrity": "sha512-P0efT1C9jIdVRefqjzOQ9Xml57zpOXnIuS+csaB4MdZbTdmGDLo8XhzBG1N7aO11gKDDkJvBLULeFTo46wwreA==",
      "dependencies": [
        "@msgpackr-extract/msgpackr-extract-darwin-arm64",
        "@msgpackr-extract/msgpackr-extract-darwin-x64",
        "@msgpackr-extract/msgpackr-extract-linux-arm",
        "@msgpackr-extract/msgpackr-extract-linux-arm64",
        "@msgpackr-extract/msgpackr-extract-linux-x64",
        "@msgpackr-extract/msgpackr-extract-win32-x64",
        "node-gyp-build-optional-packages"
      ]
    },
    "msgpackr@1.11.0": {
      "integrity": "sha512-I8qXuuALqJe5laEBYoFykChhSXLikZmUhccjGsPuSJ/7uPip2TJ7lwdIQwWSAi0jGZDXv4WOP8Qg65QZRuXxXw==",
      "dependencies": [
        "msgpackr-extract"
      ]
    },
    "node-gyp-build-optional-packages@5.2.2": {
      "integrity": "sha512-s+w+rBWnpTMwSFbaE0UXsRlg7hU4FjekKU4eyAih5T8nJuNZT1nNsskXpxmeqSK9UzkBl6UgRlnKc8hz8IEqOw==",
      "dependencies": [
        "detect-libc"
      ]
    }
  },
  "remote": {
    "https://esm.sh/@octokit/auth-oauth-device@7.1.1": "525fdcef0c08325d571c771a7643d36a6dd63324c5da4003cde72dc6ceccac4d"
  }
}
