{
  "version": "3",
  "packages": {
    "specifiers": {
      "jsr:@core/unknownutil@3.18.1": "jsr:@core/unknownutil@3.18.1",
      "jsr:@core/unknownutil@^3.17.2": "jsr:@core/unknownutil@3.18.1",
      "jsr:@core/unknownutil@^3.18.0": "jsr:@core/unknownutil@3.18.1",
      "jsr:@core/unknownutil@^4.0.0": "jsr:@core/unknownutil@4.3.0",
      "jsr:@core/unknownutil@^4.3.0": "jsr:@core/unknownutil@4.3.0",
      "jsr:@core/unknownutil@~4.0.0": "jsr:@core/unknownutil@4.0.3",
      "jsr:@core/unknownutil@~4.3.0": "jsr:@core/unknownutil@4.3.0",
      "jsr:@denops/core@^7.0.0": "jsr:@denops/core@7.0.1",
      "jsr:@denops/std@7.0.0": "jsr:@denops/std@7.0.0",
      "jsr:@denops/std@^7.0.0": "jsr:@denops/std@7.1.1",
      "jsr:@denops/std@~7.0.1": "jsr:@denops/std@7.0.3",
      "jsr:@denops/std@~7.1.0": "jsr:@denops/std@7.1.1",
      "jsr:@denops/test@~3.0.1": "jsr:@denops/test@3.0.4",
      "jsr:@kyoh86/denops-util@~0.1.0": "jsr:@kyoh86/denops-util@0.1.0",
      "jsr:@lambdalisue/async@2.1.1": "jsr:@lambdalisue/async@2.1.1",
      "jsr:@lambdalisue/async@~2.1.1": "jsr:@lambdalisue/async@2.1.1",
      "jsr:@lambdalisue/errorutil@^1.0.0": "jsr:@lambdalisue/errorutil@1.1.1",
      "jsr:@lambdalisue/indexer@^1.0.0": "jsr:@lambdalisue/indexer@1.0.0",
      "jsr:@lambdalisue/itertools@^1.1.2": "jsr:@lambdalisue/itertools@1.1.2",
      "jsr:@lambdalisue/messagepack-rpc@^2.1.1": "jsr:@lambdalisue/messagepack-rpc@2.4.0",
      "jsr:@lambdalisue/messagepack@^1.0.1": "jsr:@lambdalisue/messagepack@1.0.1",
      "jsr:@lambdalisue/reservator@^1.0.1": "jsr:@lambdalisue/reservator@1.0.1",
      "jsr:@lambdalisue/streamtools@^1.0.0": "jsr:@lambdalisue/streamtools@1.0.0",
      "jsr:@lambdalisue/systemopen@~1.0.0": "jsr:@lambdalisue/systemopen@1.0.0",
      "jsr:@lambdalisue/unreachable@^1.0.1": "jsr:@lambdalisue/unreachable@1.0.1",
      "jsr:@shougo/ddc-vim@~6.0.0": "jsr:@shougo/ddc-vim@6.0.1",
      "jsr:@shougo/ddc-vim@~7.0.0": "jsr:@shougo/ddc-vim@7.0.0",
      "jsr:@shougo/ddu-vim@~5.0.0": "jsr:@shougo/ddu-vim@5.0.0",
      "jsr:@shougo/ddu-vim@~6.1.0": "jsr:@shougo/ddu-vim@6.1.0",
      "jsr:@std/assert@1.0.0": "jsr:@std/assert@1.0.0",
      "jsr:@std/assert@1.0.0-rc.2": "jsr:@std/assert@1.0.0-rc.2",
      "jsr:@std/assert@~1.0.1": "jsr:@std/assert@1.0.2",
      "jsr:@std/async@^1.0.0": "jsr:@std/async@1.0.3",
      "jsr:@std/async@~1.0.1": "jsr:@std/async@1.0.3",
      "jsr:@std/bytes@^0.221.0": "jsr:@std/bytes@0.221.0",
      "jsr:@std/bytes@^1.0.2": "jsr:@std/bytes@1.0.2",
      "jsr:@std/bytes@^1.0.2-rc.3": "jsr:@std/bytes@1.0.2",
      "jsr:@std/collections@^1.0.4": "jsr:@std/collections@1.0.5",
      "jsr:@std/collections@^1.0.5": "jsr:@std/collections@1.0.5",
      "jsr:@std/encoding@~1.0.1": "jsr:@std/encoding@1.0.2",
      "jsr:@std/fs@^1.0.0": "jsr:@std/fs@1.0.1",
      "jsr:@std/fs@~1.0.1": "jsr:@std/fs@1.0.3",
      "jsr:@std/internal@^1.0.0": "jsr:@std/internal@1.0.1",
      "jsr:@std/internal@^1.0.1": "jsr:@std/internal@1.0.1",
      "jsr:@std/path@1.0.1": "jsr:@std/path@1.0.1",
      "jsr:@std/path@^1.0.1": "jsr:@std/path@1.0.2",
      "jsr:@std/path@^1.0.2": "jsr:@std/path@1.0.2",
      "jsr:@std/path@^1.0.4": "jsr:@std/path@1.0.4",
      "jsr:@std/path@~1.0.0": "jsr:@std/path@1.0.4",
      "jsr:@std/path@~1.0.2": "jsr:@std/path@1.0.2",
      "jsr:@std/semver@0.224.3": "jsr:@std/semver@0.224.3",
      "jsr:@std/semver@^1.0.0": "jsr:@std/semver@1.0.1",
      "jsr:@std/streams@^1.0.0": "jsr:@std/streams@1.0.2",
      "jsr:@std/streams@~1.0.0": "jsr:@std/streams@1.0.2",
      "jsr:@std/testing@~0.225.3": "jsr:@std/testing@0.225.3",
      "jsr:@std/toml@~1.0.0": "jsr:@std/toml@1.0.1",
      "jsr:@std/ulid@^1.0.0": "jsr:@std/ulid@1.0.0",
      "npm:msgpackr@^1.10.1": "npm:msgpackr@1.11.0"
    },
    "jsr": {
      "@core/unknownutil@3.18.1": {
        "integrity": "6aaa108b623ff971d062dd345da7ca03b97f61ae3d29c8677bff14fec11f0d76"
      },
      "@core/unknownutil@4.0.3": {
        "integrity": "96fb490ad67362c8111284c92e98cff7d333674f8e7cdc9e3dc486d97ce566fd"
      },
      "@core/unknownutil@4.3.0": {
        "integrity": "538a3687ffa81028e91d148818047df219663d0da671d906cecd165581ae55cc"
      },
      "@denops/core@7.0.1": {
        "integrity": "ede39eec60de6d5bf0fbc0337d3e420a9689cc48afea8c71752e6c0fb630bde0"
      },
      "@denops/std@7.0.0": {
        "integrity": "6fda026029958ad9b6e717a989efd824c5ce8efa464252f9982898a8588abb15",
        "dependencies": [
          "jsr:@core/unknownutil@^3.18.0",
          "jsr:@denops/core@^7.0.0",
          "jsr:@std/fs@^1.0.0",
          "jsr:@std/path@^1.0.2",
          "jsr:@std/semver@0.224.3",
          "jsr:@std/ulid@^1.0.0"
        ]
      },
      "@denops/std@7.0.3": {
        "integrity": "7275bd68a97d977335256f18a7cb53945e196b2cbdff23fe104ddb5b13b1a5cf",
        "dependencies": [
          "jsr:@core/unknownutil@^4.0.0",
          "jsr:@denops/core@^7.0.0",
          "jsr:@lambdalisue/errorutil@^1.0.0",
          "jsr:@lambdalisue/itertools@^1.1.2",
          "jsr:@lambdalisue/unreachable@^1.0.1",
          "jsr:@std/fs@^1.0.0",
          "jsr:@std/path@^1.0.2",
          "jsr:@std/semver@^1.0.0",
          "jsr:@std/ulid@^1.0.0"
        ]
      },
      "@denops/std@7.1.1": {
        "integrity": "9178027fc9192034842ac4d8d7219ce65ea80cb115b722e681e5c3630b503cb8",
        "dependencies": [
          "jsr:@core/unknownutil@^4.3.0",
          "jsr:@denops/core@^7.0.0",
          "jsr:@std/fs@^1.0.0",
          "jsr:@std/path@^1.0.2",
          "jsr:@std/semver@^1.0.0",
          "jsr:@std/ulid@^1.0.0"
        ]
      },
      "@denops/test@3.0.4": {
        "integrity": "6d345744749d3b4ab4858b6bd861b1bcb34cb8f00bd82e3d64a725c369223ff4",
        "dependencies": [
          "jsr:@core/unknownutil@^4.0.0",
          "jsr:@denops/core@^7.0.0",
          "jsr:@lambdalisue/errorutil@^1.0.0",
          "jsr:@lambdalisue/messagepack-rpc@^2.1.1",
          "jsr:@std/async@^1.0.0",
          "jsr:@std/collections@^1.0.5",
          "jsr:@std/path@^1.0.1",
          "jsr:@std/streams@^1.0.0"
        ]
      },
      "@kyoh86/denops-util@0.1.0": {
        "integrity": "7b7da6b761d3e9a434fe52ae530a75a9b10cea3761a17eeb8c8861a1ca10c9dd",
        "dependencies": [
          "jsr:@denops/std@^7.0.0",
          "jsr:@std/streams@^1.0.0"
        ]
      },
      "@lambdalisue/async@2.1.1": {
        "integrity": "1fc9bc6f4ed50215cd2f7217842b18cea80f81c25744f88f8c5eb4be5a1c9ab4"
      },
      "@lambdalisue/errorutil@1.1.1": {
        "integrity": "d0234a8a510da52f130c44698643b7f420f332ef2ffce1451415925b14f5f63f",
        "dependencies": [
          "jsr:@core/unknownutil@^3.18.0"
        ]
      },
      "@lambdalisue/indexer@1.0.0": {
        "integrity": "f1dbbca13a0cb3b8d87533f3ac807ba2881107e28a7eb7eb85ac1b1c5d6a5c42"
      },
      "@lambdalisue/itertools@1.1.2": {
        "integrity": "1b8c45a5ab7102a3ff1aa64c8ec0bdb12aee845bec5bf85458ed83446125587a"
      },
      "@lambdalisue/messagepack-rpc@2.4.0": {
        "integrity": "51b9aabe1ce88c3309e12fa834f2a8340ffcd0611f53ea012d28c8f9328ea7d2",
        "dependencies": [
          "jsr:@core/unknownutil@^3.17.2",
          "jsr:@lambdalisue/indexer@^1.0.0",
          "jsr:@lambdalisue/messagepack@^1.0.1",
          "jsr:@lambdalisue/reservator@^1.0.1",
          "jsr:@lambdalisue/streamtools@^1.0.0"
        ]
      },
      "@lambdalisue/messagepack@1.0.1": {
        "integrity": "e35888d9ac295826f24234f10f7ef660c890b506eb09fac1f7509798e94c525a",
        "dependencies": [
          "jsr:@std/bytes@^0.221.0",
          "npm:msgpackr@^1.10.1"
        ]
      },
      "@lambdalisue/reservator@1.0.1": {
        "integrity": "daf9189747c5cb2ad49e42ad3c65ec367684e1765ebb856a0ad6d754b3e650c4"
      },
      "@lambdalisue/streamtools@1.0.0": {
        "integrity": "4745009d48dee12e497313982d1b42f768dfa1728ee8d5269dcf0435ca5c094d",
        "dependencies": [
          "jsr:@std/bytes@^0.221.0"
        ]
      },
      "@lambdalisue/streamtools@1.0.1": {
        "integrity": "8bc2fdeefa7131911b19b53dc5eb9c10c68ed4bf9e9de8bd5ed0c27f83953516",
        "dependencies": [
          "jsr:@std/bytes@^0.221.0"
        ]
      },
      "@lambdalisue/systemopen@1.0.0": {
        "integrity": "7d9f8a903476fd936a8f7a4f0c1a9d2e974f759129cca581d0ea9a57caf3a40b"
      },
      "@lambdalisue/unreachable@1.0.1": {
        "integrity": "24b0743775e92ea0d076beaf0869bfbe4708054ac570742628684fb35ccda0d4"
      },
      "@shougo/ddc-vim@6.0.1": {
        "integrity": "ed0edbf28051289c6a35f64ddd5acc581bb1f5b4816f50ec1ef50c8f6952aa37",
        "dependencies": [
          "jsr:@core/unknownutil@~4.0.0",
          "jsr:@denops/std@~7.0.1",
          "jsr:@lambdalisue/async@~2.1.1",
          "jsr:@std/assert@~1.0.1",
          "jsr:@std/async@~1.0.1",
          "jsr:@std/encoding@~1.0.1",
          "jsr:@std/path@~1.0.2",
          "jsr:@std/testing@~0.225.3"
        ]
      },
      "@shougo/ddc-vim@7.0.0": {
        "integrity": "e2c53f04a7ca7deb38ac21ed67c1a449b103369b6987526851c4170424f3732c",
        "dependencies": [
          "jsr:@denops/std@~7.1.0"
        ]
      },
      "@shougo/ddu-vim@5.0.0": {
        "integrity": "9ea644d3b7c7064e21df6f57985bcd2422386b1724c04820a650adb5c173dd88",
        "dependencies": [
          "jsr:@core/unknownutil@3.18.1",
          "jsr:@denops/std@7.0.0",
          "jsr:@lambdalisue/async@2.1.1",
          "jsr:@std/assert@1.0.0",
          "jsr:@std/path@1.0.1"
        ]
      },
      "@shougo/ddu-vim@6.1.0": {
        "integrity": "772a042b413b3f3c0e072ff390221494e2ee04c2c252827693d34b454fd05eac",
        "dependencies": [
          "jsr:@denops/std@~7.1.0"
        ]
      },
      "@std/assert@1.0.0": {
        "integrity": "0e4f6d873f7f35e2a1e6194ceee39686c996b9e5d134948e644d35d4c4df2008",
        "dependencies": [
          "jsr:@std/internal@^1.0.1"
        ]
      },
      "@std/assert@1.0.0-rc.2": {
        "integrity": "0484eab1d76b55fca1c3beaff485a274e67dd3b9f065edcbe70030dfc0b964d3",
        "dependencies": [
          "jsr:@std/internal@^1.0.0"
        ]
      },
      "@std/assert@1.0.2": {
        "integrity": "ccacec332958126deaceb5c63ff8b4eaf9f5ed0eac9feccf124110435e59e49c",
        "dependencies": [
          "jsr:@std/internal@^1.0.1"
        ]
      },
      "@std/async@1.0.3": {
        "integrity": "6ed64678db43451683c6c176a21426a2ccd21ba0269ebb2c36133ede3f165792"
      },
      "@std/bytes@0.221.0": {
        "integrity": "64a047011cf833890a4a2ab7293ac55a1b4f5a050624ebc6a0159c357de91966"
      },
      "@std/bytes@1.0.2": {
        "integrity": "fbdee322bbd8c599a6af186a1603b3355e59a5fb1baa139f8f4c3c9a1b3e3d57"
      },
      "@std/collections@1.0.5": {
        "integrity": "ab9eac23b57a0c0b89ba45134e61561f69f3d001f37235a248ed40be260c0c10"
      },
      "@std/encoding@1.0.2": {
        "integrity": "7ed640c777e3275550e2cd937c440acdbebfdcd2d13ef67052f0536bf43e707f"
      },
      "@std/fs@1.0.1": {
        "integrity": "d6914ca2c21abe591f733b31dbe6331e446815e513e2451b3b9e472daddfefcb",
        "dependencies": [
          "jsr:@std/path@^1.0.2"
        ]
      },
      "@std/fs@1.0.3": {
        "integrity": "3cb839b1360b0a42d8b367c3093bfe4071798e6694fa44cf1963e04a8edba4fe",
        "dependencies": [
          "jsr:@std/path@^1.0.4"
        ]
      },
      "@std/internal@1.0.1": {
        "integrity": "6f8c7544d06a11dd256c8d6ba54b11ed870aac6c5aeafff499892662c57673e6"
      },
      "@std/path@1.0.1": {
        "integrity": "e061ff02c28481ca49e3a14981875c345e9fc7e973190672782cd0ac8af70428"
      },
      "@std/path@1.0.2": {
        "integrity": "a452174603f8c620bd278a380c596437a9eef50c891c64b85812f735245d9ec7"
      },
      "@std/path@1.0.4": {
        "integrity": "48dd5d8389bcfcd619338a01bdf862cb7799933390146a54ae59356a0acc7105"
      },
      "@std/semver@0.224.3": {
        "integrity": "7bb34b5ad46de2c0c73de0ca3e30081ef64b4361f66abd57c84ff1011c6a1233"
      },
      "@std/semver@1.0.1": {
        "integrity": "f0c9b41b70e27e8cdfe9252b486c55a727d66ead72625e0fa1aae75f45ca15e1"
      },
      "@std/semver@1.0.2": {
        "integrity": "1e5fd337c687ca64c0809253eca4d4815874ced59b04f0882da5ff9a302f8129"
      },
      "@std/streams@1.0.2": {
        "integrity": "187c3c875675221f5355807a735e51b0f8769caade2cbca6d7f4fa710ea4ace4",
        "dependencies": [
          "jsr:@std/bytes@^1.0.2-rc.3"
        ]
      },
      "@std/streams@1.0.4": {
        "integrity": "a1a5b01c74ca1d2dcaacfe1d4bbb91392e765946d82a3471bd95539adc6da83a",
        "dependencies": [
          "jsr:@std/bytes@^1.0.2"
        ]
      },
      "@std/testing@0.225.3": {
        "integrity": "348c24d0479d44ab3dbb4f26170f242e19f24051b45935d4a9e7ca0ab7e37780",
        "dependencies": [
          "jsr:@std/assert@1.0.0-rc.2"
        ]
      },
      "@std/toml@1.0.0": {
        "integrity": "c9e37564eedd84084871c66238e00196ec67aa958e09a7f761b3f36273a7a8a5",
        "dependencies": [
          "jsr:@std/collections@^1.0.4"
        ]
      },
      "@std/toml@1.0.1": {
        "integrity": "b55b407159930f338d384b1f8fd317c8e8a35e27ebb8946155f49e3a158d16c4",
        "dependencies": [
          "jsr:@std/collections@^1.0.5"
        ]
      },
      "@std/ulid@1.0.0": {
        "integrity": "d41c3d27a907714413649fee864b7cde8d42ee68437d22b79d5de4f81d808780"
      }
    },
    "npm": {
      "@msgpackr-extract/msgpackr-extract-darwin-arm64@3.0.3": {
        "integrity": "sha512-QZHtlVgbAdy2zAqNA9Gu1UpIuI8Xvsd1v8ic6B2pZmeFnFcMWiPLfWXh7TVw4eGEZ/C9TH281KwhVoeQUKbyjw==",
        "dependencies": {}
      },
      "@msgpackr-extract/msgpackr-extract-darwin-x64@3.0.3": {
        "integrity": "sha512-mdzd3AVzYKuUmiWOQ8GNhl64/IoFGol569zNRdkLReh6LRLHOXxU4U8eq0JwaD8iFHdVGqSy4IjFL4reoWCDFw==",
        "dependencies": {}
      },
      "@msgpackr-extract/msgpackr-extract-linux-arm64@3.0.3": {
        "integrity": "sha512-YxQL+ax0XqBJDZiKimS2XQaf+2wDGVa1enVRGzEvLLVFeqa5kx2bWbtcSXgsxjQB7nRqqIGFIcLteF/sHeVtQg==",
        "dependencies": {}
      },
      "@msgpackr-extract/msgpackr-extract-linux-arm@3.0.3": {
        "integrity": "sha512-fg0uy/dG/nZEXfYilKoRe7yALaNmHoYeIoJuJ7KJ+YyU2bvY8vPv27f7UKhGRpY6euFYqEVhxCFZgAUNQBM3nw==",
        "dependencies": {}
      },
      "@msgpackr-extract/msgpackr-extract-linux-x64@3.0.3": {
        "integrity": "sha512-cvwNfbP07pKUfq1uH+S6KJ7dT9K8WOE4ZiAcsrSes+UY55E/0jLYc+vq+DO7jlmqRb5zAggExKm0H7O/CBaesg==",
        "dependencies": {}
      },
      "@msgpackr-extract/msgpackr-extract-win32-x64@3.0.3": {
        "integrity": "sha512-x0fWaQtYp4E6sktbsdAqnehxDgEc/VwM7uLsRCYWaiGu0ykYdZPiS8zCWdnjHwyiumousxfBm4SO31eXqwEZhQ==",
        "dependencies": {}
      },
      "detect-libc@2.0.3": {
        "integrity": "sha512-bwy0MGW55bG41VqxxypOsdSdGqLwXPI/focwgTYCFMbdUiBAxLg9CFzG08sz2aqzknwiX7Hkl0bQENjg8iLByw==",
        "dependencies": {}
      },
      "msgpackr-extract@3.0.3": {
        "integrity": "sha512-P0efT1C9jIdVRefqjzOQ9Xml57zpOXnIuS+csaB4MdZbTdmGDLo8XhzBG1N7aO11gKDDkJvBLULeFTo46wwreA==",
        "dependencies": {
          "@msgpackr-extract/msgpackr-extract-darwin-arm64": "@msgpackr-extract/msgpackr-extract-darwin-arm64@3.0.3",
          "@msgpackr-extract/msgpackr-extract-darwin-x64": "@msgpackr-extract/msgpackr-extract-darwin-x64@3.0.3",
          "@msgpackr-extract/msgpackr-extract-linux-arm": "@msgpackr-extract/msgpackr-extract-linux-arm@3.0.3",
          "@msgpackr-extract/msgpackr-extract-linux-arm64": "@msgpackr-extract/msgpackr-extract-linux-arm64@3.0.3",
          "@msgpackr-extract/msgpackr-extract-linux-x64": "@msgpackr-extract/msgpackr-extract-linux-x64@3.0.3",
          "@msgpackr-extract/msgpackr-extract-win32-x64": "@msgpackr-extract/msgpackr-extract-win32-x64@3.0.3",
          "node-gyp-build-optional-packages": "node-gyp-build-optional-packages@5.2.2"
        }
      },
      "msgpackr@1.11.0": {
        "integrity": "sha512-I8qXuuALqJe5laEBYoFykChhSXLikZmUhccjGsPuSJ/7uPip2TJ7lwdIQwWSAi0jGZDXv4WOP8Qg65QZRuXxXw==",
        "dependencies": {
          "msgpackr-extract": "msgpackr-extract@3.0.3"
        }
      },
      "node-gyp-build-optional-packages@5.2.2": {
        "integrity": "sha512-s+w+rBWnpTMwSFbaE0UXsRlg7hU4FjekKU4eyAih5T8nJuNZT1nNsskXpxmeqSK9UzkBl6UgRlnKc8hz8IEqOw==",
        "dependencies": {
          "detect-libc": "detect-libc@2.0.3"
        }
      }
    }
  },
  "remote": {
    "https://esm.sh/@octokit/auth-oauth-device@7.1.1": "525fdcef0c08325d571c771a7643d36a6dd63324c5da4003cde72dc6ceccac4d"
  },
  "workspace": {
    "dependencies": [
      "jsr:@core/unknownutil@~4.3.0",
      "jsr:@denops/std@~7.1.0",
      "jsr:@kyoh86/denops-util@~0.1.0",
      "jsr:@lambdalisue/systemopen@~1.0.0",
      "jsr:@shougo/ddc-vim@~7.0.0",
      "jsr:@shougo/ddu-vim@~6.1.0",
      "jsr:@std/fs@~1.0.1",
      "jsr:@std/path@~1.0.0",
      "jsr:@std/streams@~1.0.0",
      "jsr:@std/toml@~1.0.0"
    ]
  }
}
